
Microsoft Visual Studio Solution File, Format Version 12.00
# Visual Studio 15
Project("{FAE04EC0-301F-11D3-BF4B-00C04F79EFBC}") = "Assembly-CSharp-Editor", "Assembly-CSharp-Editor.csproj", "{72739DD1-0280-B9FE-33F0-573D2EE99FE2}"
EndProject
Project("{FAE04EC0-301F-11D3-BF4B-00C04F79EFBC}") = "Assembly-CSharp", "Assembly-CSharp.csproj", "{91C09ABC-DBE6-6F31-DB73-3FEB8908BEAF}"
EndProject
Global
	GlobalSection(SolutionConfigurationPlatforms) = preSolution
		Debug|Any CPU = Debug|Any CPU
		Release|Any CPU = Release|Any CPU
	EndGlobalSection
	GlobalSection(ProjectConfigurationPlatforms) = postSolution
		{72739DD1-0280-B9FE-33F0-573D2EE99FE2}.Debug|Any CPU.ActiveCfg = Debug|Any CPU
		{72739DD1-0280-B9FE-33F0-573D2EE99FE2}.Debug|Any CPU.Build.0 = Debug|Any CPU
		{72739DD1-0280-B9FE-33F0-573D2EE99FE2}.Release|Any CPU.ActiveCfg = Release|Any CPU
		{72739DD1-0280-B9FE-33F0-573D2EE99FE2}.Release|Any CPU.Build.0 = Release|Any CPU
		{91C09ABC-DBE6-6F31-DB73-3FEB8908BEAF}.Debug|Any CPU.ActiveCfg = Debug|Any CPU
		{91C09ABC-DBE6-6F31-DB73-3FEB8908BEAF}.Debug|Any CPU.Build.0 = Debug|Any CPU
		{91C09ABC-DBE6-6F31-DB73-3FEB8908BEAF}.Release|Any CPU.ActiveCfg = Release|Any CPU
		{91C09ABC-DBE6-6F31-DB73-3FEB8908BEAF}.Release|Any CPU.Build.0 = Release|Any CPU
	EndGlobalSection
	GlobalSection(SolutionProperties) = preSolution
		HideSolutionNode = FALSE
	EndGlobalSection
EndGlobal
